
Microsoft Visual Studio Solution File, Format Version 12.00
# Visual Studio 15
VisualStudioVersion = 15.0.28307.421
MinimumVisualStudioVersion = 10.0.40219.1
Project("{FAE04EC0-301F-11D3-BF4B-00C04F79EFBC}") = "DTPRegistration", "DTPRegistration\DTPRegistration.csproj", "{CDEC8202-EECA-41CB-BBB1-4B0D849D06EC}"
EndProject
Global
	GlobalSection(SolutionConfigurationPlatforms) = preSolution
		Debug|Any CPU = Debug|Any CPU
		Release|Any CPU = Release|Any CPU
	EndGlobalSection
	GlobalSection(ProjectConfigurationPlatforms) = postSolution
		{CDEC8202-EECA-41CB-BBB1-4B0D849D06EC}.Debug|Any CPU.ActiveCfg = Debug|Any CPU
		{CDEC8202-EECA-41CB-BBB1-4B0D849D06EC}.Debug|Any CPU.Build.0 = Debug|Any CPU
		{CDEC8202-EECA-41CB-BBB1-4B0D849D06EC}.Release|Any CPU.ActiveCfg = Release|Any CPU
		{CDEC8202-EECA-41CB-BBB1-4B0D849D06EC}.Release|Any CPU.Build.0 = Release|Any CPU
	EndGlobalSection
	GlobalSection(SolutionProperties) = preSolution
		HideSolutionNode = FALSE
	EndGlobalSection
	GlobalSection(ExtensibilityGlobals) = postSolution
		SolutionGuid = {D18EDF87-D178-48E3-B20C-27F15C4E8992}
	EndGlobalSection
EndGlobal
